// !$*UTF8*$!
{
	archiveVersion = 1;
	classes = {
	};
	objectVersion = 55;
	objects = {

/* Begin PBXBuildFile section */
		90A683B427F1CC460092DF4E /* WidgetKitExploredAppApp.swift in Sources */ = {isa = PBXBuildFile; fileRef = 90A683B327F1CC460092DF4E /* WidgetKitExploredAppApp.swift */; };
		90A683B627F1CC460092DF4E /* ContentView.swift in Sources */ = {isa = PBXBuildFile; fileRef = 90A683B527F1CC460092DF4E /* ContentView.swift */; };
		90A683B827F1CC470092DF4E /* Assets.xcassets in Resources */ = {isa = PBXBuildFile; fileRef = 90A683B727F1CC470092DF4E /* Assets.xcassets */; };
		90A683BB27F1CC470092DF4E /* Preview Assets.xcassets in Resources */ = {isa = PBXBuildFile; fileRef = 90A683BA27F1CC470092DF4E /* Preview Assets.xcassets */; };
		90A683C827F1CCEC0092DF4E /* WidgetKit.framework in Frameworks */ = {isa = PBXBuildFile; fileRef = 90A683C727F1CCEC0092DF4E /* WidgetKit.framework */; };
		90A683CA27F1CCEC0092DF4E /* SwiftUI.framework in Frameworks */ = {isa = PBXBuildFile; fileRef = 90A683C927F1CCEC0092DF4E /* SwiftUI.framework */; };
		90A683CD27F1CCEC0092DF4E /* SimpleWidget.swift in Sources */ = {isa = PBXBuildFile; fileRef = 90A683CC27F1CCEC0092DF4E /* SimpleWidget.swift */; };
		90A683CF27F1CCEE0092DF4E /* Assets.xcassets in Resources */ = {isa = PBXBuildFile; fileRef = 90A683CE27F1CCEE0092DF4E /* Assets.xcassets */; };
		90A683D327F1CCEE0092DF4E /* SimpleWidgetExtension.appex in Embed App Extensions */ = {isa = PBXBuildFile; fileRef = 90A683C527F1CCEC0092DF4E /* SimpleWidgetExtension.appex */; settings = {ATTRIBUTES = (RemoveHeadersOnCopy, ); }; };
/* End PBXBuildFile section */

/* Begin PBXContainerItemProxy section */
		90A683D127F1CCEE0092DF4E /* PBXContainerItemProxy */ = {
			isa = PBXContainerItemProxy;
			containerPortal = 90A683A827F1CC460092DF4E /* Project object */;
			proxyType = 1;
			remoteGlobalIDString = 90A683C427F1CCEC0092DF4E;
			remoteInfo = SimpleWidgetExtension;
		};
/* End PBXContainerItemProxy section */

/* Begin PBXCopyFilesBuildPhase section */
		90A683D727F1CCEE0092DF4E /* Embed App Extensions */ = {
			isa = PBXCopyFilesBuildPhase;
			buildActionMask = 2147483647;
			dstPath = "";
			dstSubfolderSpec = 13;
			files = (
				90A683D327F1CCEE0092DF4E /* SimpleWidgetExtension.appex in Embed App Extensions */,
			);
			name = "Embed App Extensions";
			runOnlyForDeploymentPostprocessing = 0;
		};
/* End PBXCopyFilesBuildPhase section */

/* Begin PBXFileReference section */
		90A683B027F1CC460092DF4E /* WidgetKitExploredApp.app */ = {isa = PBXFileReference; explicitFileType = wrapper.application; includeInIndex = 0; path = WidgetKitExploredApp.app; sourceTree = BUILT_PRODUCTS_DIR; };
		90A683B327F1CC460092DF4E /* WidgetKitExploredAppApp.swift */ = {isa = PBXFileReference; lastKnownFileType = sourcecode.swift; path = WidgetKitExploredAppApp.swift; sourceTree = "<group>"; };
		90A683B527F1CC460092DF4E /* ContentView.swift */ = {isa = PBXFileReference; lastKnownFileType = sourcecode.swift; path = ContentView.swift; sourceTree = "<group>"; };
		90A683B727F1CC470092DF4E /* Assets.xcassets */ = {isa = PBXFileReference; lastKnownFileType = folder.assetcatalog; path = Assets.xcassets; sourceTree = "<group>"; };
		90A683BA27F1CC470092DF4E /* Preview Assets.xcassets */ = {isa = PBXFileReference; lastKnownFileType = folder.assetcatalog; path = "Preview Assets.xcassets"; sourceTree = "<group>"; };
		90A683C527F1CCEC0092DF4E /* SimpleWidgetExtension.appex */ = {isa = PBXFileReference; explicitFileType = "wrapper.app-extension"; includeInIndex = 0; path = SimpleWidgetExtension.appex; sourceTree = BUILT_PRODUCTS_DIR; };
		90A683C727F1CCEC0092DF4E /* WidgetKit.framework */ = {isa = PBXFileReference; lastKnownFileType = wrapper.framework; name = WidgetKit.framework; path = System/Library/Frameworks/WidgetKit.framework; sourceTree = SDKROOT; };
		90A683C927F1CCEC0092DF4E /* SwiftUI.framework */ = {isa = PBXFileReference; lastKnownFileType = wrapper.framework; name = SwiftUI.framework; path = System/Library/Frameworks/SwiftUI.framework; sourceTree = SDKROOT; };
		90A683CC27F1CCEC0092DF4E /* SimpleWidget.swift */ = {isa = PBXFileReference; lastKnownFileType = sourcecode.swift; path = SimpleWidget.swift; sourceTree = "<group>"; };
		90A683CE27F1CCEE0092DF4E /* Assets.xcassets */ = {isa = PBXFileReference; lastKnownFileType = folder.assetcatalog; path = Assets.xcassets; sourceTree = "<group>"; };
		90A683D027F1CCEE0092DF4E /* Info.plist */ = {isa = PBXFileReference; lastKnownFileType = text.plist.xml; path = Info.plist; sourceTree = "<group>"; };
/* End PBXFileReference section */

/* Begin PBXFrameworksBuildPhase section */
		90A683AD27F1CC460092DF4E /* Frameworks */ = {
			isa = PBXFrameworksBuildPhase;
			buildActionMask = 2147483647;
			files = (
			);
			runOnlyForDeploymentPostprocessing = 0;
		};
		90A683C227F1CCEC0092DF4E /* Frameworks */ = {
			isa = PBXFrameworksBuildPhase;
			buildActionMask = 2147483647;
			files = (
				90A683CA27F1CCEC0092DF4E /* SwiftUI.framework in Frameworks */,
				90A683C827F1CCEC0092DF4E /* WidgetKit.framework in Frameworks */,
			);
			runOnlyForDeploymentPostprocessing = 0;
		};
/* End PBXFrameworksBuildPhase section */

/* Begin PBXGroup section */
		90A683A727F1CC460092DF4E = {
			isa = PBXGroup;
			children = (
				90A683B227F1CC460092DF4E /* WidgetKitExploredApp */,
				90A683CB27F1CCEC0092DF4E /* SimpleWidget */,
				90A683C627F1CCEC0092DF4E /* Frameworks */,
				90A683B127F1CC460092DF4E /* Products */,
			);
			sourceTree = "<group>";
		};
		90A683B127F1CC460092DF4E /* Products */ = {
			isa = PBXGroup;
			children = (
				90A683B027F1CC460092DF4E /* WidgetKitExploredApp.app */,
				90A683C527F1CCEC0092DF4E /* SimpleWidgetExtension.appex */,
			);
			name = Products;
			sourceTree = "<group>";
		};
		90A683B227F1CC460092DF4E /* WidgetKitExploredApp */ = {
			isa = PBXGroup;
			children = (
				90A683B327F1CC460092DF4E /* WidgetKitExploredAppApp.swift */,
				90A683B527F1CC460092DF4E /* ContentView.swift */,
				90A683B727F1CC470092DF4E /* Assets.xcassets */,
				90A683B927F1CC470092DF4E /* Preview Content */,
			);
			path = WidgetKitExploredApp;
			sourceTree = "<group>";
		};
		90A683B927F1CC470092DF4E /* Preview Content */ = {
			isa = PBXGroup;
			children = (
				90A683BA27F1CC470092DF4E /* Preview Assets.xcassets */,
			);
			path = "Preview Content";
			sourceTree = "<group>";
		};
		90A683C627F1CCEC0092DF4E /* Frameworks */ = {
			isa = PBXGroup;
			children = (
				90A683C727F1CCEC0092DF4E /* WidgetKit.framework */,
				90A683C927F1CCEC0092DF4E /* SwiftUI.framework */,
			);
			name = Frameworks;
			sourceTree = "<group>";
		};
		90A683CB27F1CCEC0092DF4E /* SimpleWidget */ = {
			isa = PBXGroup;
			children = (
				90A683CC27F1CCEC0092DF4E /* SimpleWidget.swift */,
				90A683CE27F1CCEE0092DF4E /* Assets.xcassets */,
				90A683D027F1CCEE0092DF4E /* Info.plist */,
			);
			path = SimpleWidget;
			sourceTree = "<group>";
		};
/* End PBXGroup section */

/* Begin PBXNativeTarget section */
		90A683AF27F1CC460092DF4E /* WidgetKitExploredApp */ = {
			isa = PBXNativeTarget;
			buildConfigurationList = 90A683BE27F1CC470092DF4E /* Build configuration list for PBXNativeTarget "WidgetKitExploredApp" */;
			buildPhases = (
				90A683AC27F1CC460092DF4E /* Sources */,
				90A683AD27F1CC460092DF4E /* Frameworks */,
				90A683AE27F1CC460092DF4E /* Resources */,
				90A683D727F1CCEE0092DF4E /* Embed App Extensions */,
			);
			buildRules = (
			);
			dependencies = (
				90A683D227F1CCEE0092DF4E /* PBXTargetDependency */,
			);
			name = WidgetKitExploredApp;
			productName = WidgetKitExploredApp;
			productReference = 90A683B027F1CC460092DF4E /* WidgetKitExploredApp.app */;
			productType = "com.apple.product-type.application";
		};
		90A683C427F1CCEC0092DF4E /* SimpleWidgetExtension */ = {
			isa = PBXNativeTarget;
			buildConfigurationList = 90A683D427F1CCEE0092DF4E /* Build configuration list for PBXNativeTarget "SimpleWidgetExtension" */;
			buildPhases = (
				90A683C127F1CCEC0092DF4E /* Sources */,
				90A683C227F1CCEC0092DF4E /* Frameworks */,
				90A683C327F1CCEC0092DF4E /* Resources */,
			);
			buildRules = (
			);
			dependencies = (
			);
			name = SimpleWidgetExtension;
			productName = SimpleWidgetExtension;
			productReference = 90A683C527F1CCEC0092DF4E /* SimpleWidgetExtension.appex */;
			productType = "com.apple.product-type.app-extension";
		};
/* End PBXNativeTarget section */

/* Begin PBXProject section */
		90A683A827F1CC460092DF4E /* Project object */ = {
			isa = PBXProject;
			attributes = {
				BuildIndependentTargetsInParallel = 1;
				LastSwiftUpdateCheck = 1300;
				LastUpgradeCheck = 1300;
				TargetAttributes = {
					90A683AF27F1CC460092DF4E = {
						CreatedOnToolsVersion = 13.0;
					};
					90A683C427F1CCEC0092DF4E = {
						CreatedOnToolsVersion = 13.0;
					};
				};
			};
			buildConfigurationList = 90A683AB27F1CC460092DF4E /* Build configuration list for PBXProject "WidgetKitExploredApp" */;
			compatibilityVersion = "Xcode 13.0";
			developmentRegion = en;
			hasScannedForEncodings = 0;
			knownRegions = (
				en,
				Base,
			);
			mainGroup = 90A683A727F1CC460092DF4E;
			productRefGroup = 90A683B127F1CC460092DF4E /* Products */;
			projectDirPath = "";
			projectRoot = "";
			targets = (
				90A683AF27F1CC460092DF4E /* WidgetKitExploredApp */,
				90A683C427F1CCEC0092DF4E /* SimpleWidgetExtension */,
			);
		};
/* End PBXProject section */

/* Begin PBXResourcesBuildPhase section */
		90A683AE27F1CC460092DF4E /* Resources */ = {
			isa = PBXResourcesBuildPhase;
			buildActionMask = 2147483647;
			files = (
				90A683BB27F1CC470092DF4E /* Preview Assets.xcassets in Resources */,
				90A683B827F1CC470092DF4E /* Assets.xcassets in Resources */,
			);
			runOnlyForDeploymentPostprocessing = 0;
		};
		90A683C327F1CCEC0092DF4E /* Resources */ = {
			isa = PBXResourcesBuildPhase;
			buildActionMask = 2147483647;
			files = (
				90A683CF27F1CCEE0092DF4E /* Assets.xcassets in Resources */,
			);
			runOnlyForDeploymentPostprocessing = 0;
		};
/* End PBXResourcesBuildPhase section */

/* Begin PBXSourcesBuildPhase section */
		90A683AC27F1CC460092DF4E /* Sources */ = {
			isa = PBXSourcesBuildPhase;
			buildActionMask = 2147483647;
			files = (
				90A683B627F1CC460092DF4E /* ContentView.swift in Sources */,
				90A683B427F1CC460092DF4E /* WidgetKitExploredAppApp.swift in Sources */,
			);
			runOnlyForDeploymentPostprocessing = 0;
		};
		90A683C127F1CCEC0092DF4E /* Sources */ = {
			isa = PBXSourcesBuildPhase;
			buildActionMask = 2147483647;
			files = (
				90A683CD27F1CCEC0092DF4E /* SimpleWidget.swift in Sources */,
			);
			runOnlyForDeploymentPostprocessing = 0;
		};
/* End PBXSourcesBuildPhase section */

/* Begin PBXTargetDependency section */
		90A683D227F1CCEE0092DF4E /* PBXTargetDependency */ = {
			isa = PBXTargetDependency;
			target = 90A683C427F1CCEC0092DF4E /* SimpleWidgetExtension */;
			targetProxy = 90A683D127F1CCEE0092DF4E /* PBXContainerItemProxy */;
		};
/* End PBXTargetDependency section */

/* Begin XCBuildConfiguration section */
		90A683BC27F1CC470092DF4E /* Debug */ = {
			isa = XCBuildConfiguration;
			buildSettings = {
				ALWAYS_SEARCH_USER_PATHS = NO;
				CLANG_ANALYZER_NONNULL = YES;
				CLANG_ANALYZER_NUMBER_OBJECT_CONVERSION = YES_AGGRESSIVE;
				CLANG_CXX_LANGUAGE_STANDARD = "gnu++17";
				CLANG_CXX_LIBRARY = "libc++";
				CLANG_ENABLE_MODULES = YES;
				CLANG_ENABLE_OBJC_ARC = YES;
				CLANG_ENABLE_OBJC_WEAK = YES;
				CLANG_WARN_BLOCK_CAPTURE_AUTORELEASING = YES;
				CLANG_WARN_BOOL_CONVERSION = YES;
				CLANG_WARN_COMMA = YES;
				CLANG_WARN_CONSTANT_CONVERSION = YES;
				CLANG_WARN_DEPRECATED_OBJC_IMPLEMENTATIONS = YES;
				CLANG_WARN_DIRECT_OBJC_ISA_USAGE = YES_ERROR;
				CLANG_WARN_DOCUMENTATION_COMMENTS = YES;
				CLANG_WARN_EMPTY_BODY = YES;
				CLANG_WARN_ENUM_CONVERSION = YES;
				CLANG_WARN_INFINITE_RECURSION = YES;
				CLANG_WARN_INT_CONVERSION = YES;
				CLANG_WARN_NON_LITERAL_NULL_CONVERSION = YES;
				CLANG_WARN_OBJC_IMPLICIT_RETAIN_SELF = YES;
				CLANG_WARN_OBJC_LITERAL_CONVERSION = YES;
				CLANG_WARN_OBJC_ROOT_CLASS = YES_ERROR;
				CLANG_WARN_QUOTED_INCLUDE_IN_FRAMEWORK_HEADER = YES;
				CLANG_WARN_RANGE_LOOP_ANALYSIS = YES;
				CLANG_WARN_STRICT_PROTOTYPES = YES;
				CLANG_WARN_SUSPICIOUS_MOVE = YES;
				CLANG_WARN_UNGUARDED_AVAILABILITY = YES_AGGRESSIVE;
				CLANG_WARN_UNREACHABLE_CODE = YES;
				CLANG_WARN__DUPLICATE_METHOD_MATCH = YES;
				COPY_PHASE_STRIP = NO;
				DEBUG_INFORMATION_FORMAT = dwarf;
				ENABLE_STRICT_OBJC_MSGSEND = YES;
				ENABLE_TESTABILITY = YES;
				GCC_C_LANGUAGE_STANDARD = gnu11;
				GCC_DYNAMIC_NO_PIC = NO;
				GCC_NO_COMMON_BLOCKS = YES;
				GCC_OPTIMIZATION_LEVEL = 0;
				GCC_PREPROCESSOR_DEFINITIONS = (
					"DEBUG=1",
					"$(inherited)",
				);
				GCC_WARN_64_TO_32_BIT_CONVERSION = YES;
				GCC_WARN_ABOUT_RETURN_TYPE = YES_ERROR;
				GCC_WARN_UNDECLARED_SELECTOR = YES;
				GCC_WARN_UNINITIALIZED_AUTOS = YES_AGGRESSIVE;
				GCC_WARN_UNUSED_FUNCTION = YES;
				GCC_WARN_UNUSED_VARIABLE = YES;
				IPHONEOS_DEPLOYMENT_TARGET = 15.0;
				MTL_ENABLE_DEBUG_INFO = INCLUDE_SOURCE;
				MTL_FAST_MATH = YES;
				ONLY_ACTIVE_ARCH = YES;
				SDKROOT = iphoneos;
				SWIFT_ACTIVE_COMPILATION_CONDITIONS = DEBUG;
				SWIFT_OPTIMIZATION_LEVEL = "-Onone";
			};
			name = Debug;
		};
		90A683BD27F1CC470092DF4E /* Release */ = {
			isa = XCBuildConfiguration;
			buildSettings = {
				ALWAYS_SEARCH_USER_PATHS = NO;
				CLANG_ANALYZER_NONNULL = YES;
				CLANG_ANALYZER_NUMBER_OBJECT_CONVERSION = YES_AGGRESSIVE;
				CLANG_CXX_LANGUAGE_STANDARD = "gnu++17";
				CLANG_CXX_LIBRARY = "libc++";
				CLANG_ENABLE_MODULES = YES;
				CLANG_ENABLE_OBJC_ARC = YES;
				CLANG_ENABLE_OBJC_WEAK = YES;
				CLANG_WARN_BLOCK_CAPTURE_AUTORELEASING = YES;
				CLANG_WARN_BOOL_CONVERSION = YES;
				CLANG_WARN_COMMA = YES;
				CLANG_WARN_CONSTANT_CONVERSION = YES;
				CLANG_WARN_DEPRECATED_OBJC_IMPLEMENTATIONS = YES;
				CLANG_WARN_DIRECT_OBJC_ISA_USAGE = YES_ERROR;
				CLANG_WARN_DOCUMENTATION_COMMENTS = YES;
				CLANG_WARN_EMPTY_BODY = YES;
				CLANG_WARN_ENUM_CONVERSION = YES;
				CLANG_WARN_INFINITE_RECURSION = YES;
				CLANG_WARN_INT_CONVERSION = YES;
				CLANG_WARN_NON_LITERAL_NULL_CONVERSION = YES;
				CLANG_WARN_OBJC_IMPLICIT_RETAIN_SELF = YES;
				CLANG_WARN_OBJC_LITERAL_CONVERSION = YES;
				CLANG_WARN_OBJC_ROOT_CLASS = YES_ERROR;
				CLANG_WARN_QUOTED_INCLUDE_IN_FRAMEWORK_HEADER = YES;
				CLANG_WARN_RANGE_LOOP_ANALYSIS = YES;
				CLANG_WARN_STRICT_PROTOTYPES = YES;
				CLANG_WARN_SUSPICIOUS_MOVE = YES;
				CLANG_WARN_UNGUARDED_AVAILABILITY = YES_AGGRESSIVE;
				CLANG_WARN_UNREACHABLE_CODE = YES;
				CLANG_WARN__DUPLICATE_METHOD_MATCH = YES;
				COPY_PHASE_STRIP = NO;
				DEBUG_INFORMATION_FORMAT = "dwarf-with-dsym";
				ENABLE_NS_ASSERTIONS = NO;
				ENABLE_STRICT_OBJC_MSGSEND = YES;
				GCC_C_LANGUAGE_STANDARD = gnu11;
				GCC_NO_COMMON_BLOCKS = YES;
				GCC_WARN_64_TO_32_BIT_CONVERSION = YES;
				GCC_WARN_ABOUT_RETURN_TYPE = YES_ERROR;
				GCC_WARN_UNDECLARED_SELECTOR = YES;
				GCC_WARN_UNINITIALIZED_AUTOS = YES_AGGRESSIVE;
				GCC_WARN_UNUSED_FUNCTION = YES;
				GCC_WARN_UNUSED_VARIABLE = YES;
				IPHONEOS_DEPLOYMENT_TARGET = 15.0;
				MTL_ENABLE_DEBUG_INFO = NO;
				MTL_FAST_MATH = YES;
				SDKROOT = iphoneos;
				SWIFT_COMPILATION_MODE = wholemodule;
				SWIFT_OPTIMIZATION_LEVEL = "-O";
				VALIDATE_PRODUCT = YES;
			};
			name = Release;
		};
		90A683BF27F1CC470092DF4E /* Debug */ = {
			isa = XCBuildConfiguration;
			buildSettings = {
				ALWAYS_EMBED_SWIFT_STANDARD_LIBRARIES = YES;
				ASSETCATALOG_COMPILER_APPICON_NAME = AppIcon;
				ASSETCATALOG_COMPILER_GLOBAL_ACCENT_COLOR_NAME = AccentColor;
				CODE_SIGN_STYLE = Automatic;
				CURRENT_PROJECT_VERSION = 1;
				DEVELOPMENT_ASSET_PATHS = "\"WidgetKitExploredApp/Preview Content\"";
				DEVELOPMENT_TEAM = 8R29TH66V6;
				ENABLE_PREVIEWS = YES;
				GENERATE_INFOPLIST_FILE = YES;
				INFOPLIST_KEY_UIApplicationSceneManifest_Generation = YES;
				INFOPLIST_KEY_UIApplicationSupportsIndirectInputEvents = YES;
				INFOPLIST_KEY_UILaunchScreen_Generation = YES;
				INFOPLIST_KEY_UISupportedInterfaceOrientations_iPad = "UIInterfaceOrientationPortrait UIInterfaceOrientationPortraitUpsideDown UIInterfaceOrientationLandscapeLeft UIInterfaceOrientationLandscapeRight";
				INFOPLIST_KEY_UISupportedInterfaceOrientations_iPhone = "UIInterfaceOrientationPortrait UIInterfaceOrientationLandscapeLeft UIInterfaceOrientationLandscapeRight";
				IPHONEOS_DEPLOYMENT_TARGET = 14.0;
				LD_RUNPATH_SEARCH_PATHS = (
					"$(inherited)",
					"@executable_path/Frameworks",
				);
				MARKETING_VERSION = 1.0;
				PRODUCT_BUNDLE_IDENTIFIER = khawlah.WidgetKitExploredApp;
				PRODUCT_NAME = "$(TARGET_NAME)";
				SWIFT_EMIT_LOC_STRINGS = YES;
				SWIFT_VERSION = 5.0;
				TARGETED_DEVICE_FAMILY = "1,2";
			};
			name = Debug;
		};
		90A683C027F1CC470092DF4E /* Release */ = {
			isa = XCBuildConfiguration;
			buildSettings = {
				ALWAYS_EMBED_SWIFT_STANDARD_LIBRARIES = YES;
				ASSETCATALOG_COMPILER_APPICON_NAME = AppIcon;
				ASSETCATALOG_COMPILER_GLOBAL_ACCENT_COLOR_NAME = AccentColor;
				CODE_SIGN_STYLE = Automatic;
				CURRENT_PROJECT_VERSION = 1;
				DEVELOPMENT_ASSET_PATHS = "\"WidgetKitExploredApp/Preview Content\"";
				DEVELOPMENT_TEAM = 8R29TH66V6;
				ENABLE_PREVIEWS = YES;
				GENERATE_INFOPLIST_FILE = YES;
				INFOPLIST_KEY_UIApplicationSceneManifest_Generation = YES;
				INFOPLIST_KEY_UIApplicationSupportsIndirectInputEvents = YES;
				INFOPLIST_KEY_UILaunchScreen_Generation = YES;
				INFOPLIST_KEY_UISupportedInterfaceOrientations_iPad = "UIInterfaceOrientationPortrait UIInterfaceOrientationPortraitUpsideDown UIInterfaceOrientationLandscapeLeft UIInterfaceOrientationLandscapeRight";
				INFOPLIST_KEY_UISupportedInterfaceOrientations_iPhone = "UIInterfaceOrientationPortrait UIInterfaceOrientationLandscapeLeft UIInterfaceOrientationLandscapeRight";
				IPHONEOS_DEPLOYMENT_TARGET = 14.0;
				LD_RUNPATH_SEARCH_PATHS = (
					"$(inherited)",
					"@executable_path/Frameworks",
				);
				MARKETING_VERSION = 1.0;
				PRODUCT_BUNDLE_IDENTIFIER = khawlah.WidgetKitExploredApp;
				PRODUCT_NAME = "$(TARGET_NAME)";
				SWIFT_EMIT_LOC_STRINGS = YES;
				SWIFT_VERSION = 5.0;
				TARGETED_DEVICE_FAMILY = "1,2";
			};
			name = Release;
		};
		90A683D527F1CCEE0092DF4E /* Debug */ = {
			isa = XCBuildConfiguration;
			buildSettings = {
				ASSETCATALOG_COMPILER_GLOBAL_ACCENT_COLOR_NAME = AccentColor;
				ASSETCATALOG_COMPILER_WIDGET_BACKGROUND_COLOR_NAME = WidgetBackground;
				CODE_SIGN_STYLE = Automatic;
				CURRENT_PROJECT_VERSION = 1;
				DEVELOPMENT_TEAM = 8R29TH66V6;
				GENERATE_INFOPLIST_FILE = YES;
				INFOPLIST_FILE = SimpleWidget/Info.plist;
				INFOPLIST_KEY_CFBundleDisplayName = SimpleWidget;
				INFOPLIST_KEY_NSHumanReadableCopyright = "";
				LD_RUNPATH_SEARCH_PATHS = (
					"$(inherited)",
					"@executable_path/Frameworks",
					"@executable_path/../../Frameworks",
				);
				MARKETING_VERSION = 1.0;
				PRODUCT_BUNDLE_IDENTIFIER = khawlah.WidgetKitExploredApp.SimpleWidget;
				PRODUCT_NAME = "$(TARGET_NAME)";
				SKIP_INSTALL = YES;
				SWIFT_EMIT_LOC_STRINGS = YES;
				SWIFT_VERSION = 5.0;
				TARGETED_DEVICE_FAMILY = "1,2";
			};
			name = Debug;
		};
		90A683D627F1CCEE0092DF4E /* Release */ = {
			isa = XCBuildConfiguration;
			buildSettings = {
				ASSETCATALOG_COMPILER_GLOBAL_ACCENT_COLOR_NAME = AccentColor;
				ASSETCATALOG_COMPILER_WIDGET_BACKGROUND_COLOR_NAME = WidgetBackground;
				CODE_SIGN_STYLE = Automatic;
				CURRENT_PROJECT_VERSION = 1;
				DEVELOPMENT_TEAM = 8R29TH66V6;
				GENERATE_INFOPLIST_FILE = YES;
				INFOPLIST_FILE = SimpleWidget/Info.plist;
				INFOPLIST_KEY_CFBundleDisplayName = SimpleWidget;
				INFOPLIST_KEY_NSHumanReadableCopyright = "";
				LD_RUNPATH_SEARCH_PATHS = (
					"$(inherited)",
					"@executable_path/Frameworks",
					"@executable_path/../../Frameworks",
				);
				MARKETING_VERSION = 1.0;
				PRODUCT_BUNDLE_IDENTIFIER = khawlah.WidgetKitExploredApp.SimpleWidget;
				PRODUCT_NAME = "$(TARGET_NAME)";
				SKIP_INSTALL = YES;
				SWIFT_EMIT_LOC_STRINGS = YES;
				SWIFT_VERSION = 5.0;
				TARGETED_DEVICE_FAMILY = "1,2";
			};
			name = Release;
		};
/* End XCBuildConfiguration section */

/* Begin XCConfigurationList section */
		90A683AB27F1CC460092DF4E /* Build configuration list for PBXProject "WidgetKitExploredApp" */ = {
			isa = XCConfigurationList;
			buildConfigurations = (
				90A683BC27F1CC470092DF4E /* Debug */,
				90A683BD27F1CC470092DF4E /* Release */,
			);
			defaultConfigurationIsVisible = 0;
			defaultConfigurationName = Release;
		};
		90A683BE27F1CC470092DF4E /* Build configuration list for PBXNativeTarget "WidgetKitExploredApp" */ = {
			isa = XCConfigurationList;
			buildConfigurations = (
				90A683BF27F1CC470092DF4E /* Debug */,
				90A683C027F1CC470092DF4E /* Release */,
			);
			defaultConfigurationIsVisible = 0;
			defaultConfigurationName = Release;
		};
		90A683D427F1CCEE0092DF4E /* Build configuration list for PBXNativeTarget "SimpleWidgetExtension" */ = {
			isa = XCConfigurationList;
			buildConfigurations = (
				90A683D527F1CCEE0092DF4E /* Debug */,
				90A683D627F1CCEE0092DF4E /* Release */,
			);
			defaultConfigurationIsVisible = 0;
			defaultConfigurationName = Release;
		};
/* End XCConfigurationList section */
	};
	rootObject = 90A683A827F1CC460092DF4E /* Project object */;
}
